
Microsoft Visual Studio Solution File, Format Version 12.00
# Visual Studio 2017
Project("{FAE04EC0-301F-11D3-BF4B-00C04F79EFBC}") = "FemReto", "FemReto.csproj", "{3A195733-3930-5C35-7C25-A39B8A370526}"
EndProject
Global
	GlobalSection(SolutionConfigurationPlatforms) = preSolution
		Debug|Any CPU = Debug|Any CPU
		Release|Any CPU = Release|Any CPU
	EndGlobalSection
	GlobalSection(ProjectConfigurationPlatforms) = postSolution
		{3A195733-3930-5C35-7C25-A39B8A370526}.Debug|Any CPU.ActiveCfg = Debug|Any CPU
		{3A195733-3930-5C35-7C25-A39B8A370526}.Debug|Any CPU.Build.0 = Debug|Any CPU
		{3A195733-3930-5C35-7C25-A39B8A370526}.Release|Any CPU.ActiveCfg = Release|Any CPU
		{3A195733-3930-5C35-7C25-A39B8A370526}.Release|Any CPU.Build.0 = Release|Any CPU
	EndGlobalSection
	GlobalSection(SolutionProperties) = preSolution
		HideSolutionNode = FALSE
	EndGlobalSection
EndGlobal
